
Microsoft Visual Studio Solution File, Format Version 12.00
Project("{FAE04EC0-301F-11D3-BF4B-00C04F79EFBC}") = "NDP_Proje", "NDP_Proje\NDP_Proje.csproj", "{AC7D5867-E146-4206-9A98-29973C862B87}"
EndProject
Global
	GlobalSection(SolutionConfigurationPlatforms) = preSolution
		Debug|Any CPU = Debug|Any CPU
		Release|Any CPU = Release|Any CPU
	EndGlobalSection
	GlobalSection(ProjectConfigurationPlatforms) = postSolution
		{AC7D5867-E146-4206-9A98-29973C862B87}.Debug|Any CPU.ActiveCfg = Debug|Any CPU
		{AC7D5867-E146-4206-9A98-29973C862B87}.Debug|Any CPU.Build.0 = Debug|Any CPU
		{AC7D5867-E146-4206-9A98-29973C862B87}.Release|Any CPU.ActiveCfg = Release|Any CPU
		{AC7D5867-E146-4206-9A98-29973C862B87}.Release|Any CPU.Build.0 = Release|Any CPU
	EndGlobalSection
EndGlobal
